
Microsoft Visual Studio Solution File, Format Version 12.00
# Visual Studio Version 17
VisualStudioVersion = 17.3.32825.248
MinimumVisualStudioVersion = 10.0.40219.1
Project("{54A90642-561A-4BB1-A94E-469ADEE60C69}") = "moviedatabase", "MovieDatabase\moviedatabase.esproj", "{4F743FB5-A9FD-4739-9268-47DB0F9F3D69}"
EndProject
Project("{FAE04EC0-301F-11D3-BF4B-00C04F79EFBC}") = "MovieDbBackend", "MovieDbBackend\MovieDbBackend.csproj", "{932AE1CB-D51B-418F-B175-0BDBE4ED9CF5}"
EndProject
Global
	GlobalSection(SolutionConfigurationPlatforms) = preSolution
		Debug|Any CPU = Debug|Any CPU
		Release|Any CPU = Release|Any CPU
	EndGlobalSection
	GlobalSection(ProjectConfigurationPlatforms) = postSolution
		{4F743FB5-A9FD-4739-9268-47DB0F9F3D69}.Debug|Any CPU.ActiveCfg = Debug|Any CPU
		{4F743FB5-A9FD-4739-9268-47DB0F9F3D69}.Debug|Any CPU.Build.0 = Debug|Any CPU
		{4F743FB5-A9FD-4739-9268-47DB0F9F3D69}.Debug|Any CPU.Deploy.0 = Debug|Any CPU
		{4F743FB5-A9FD-4739-9268-47DB0F9F3D69}.Release|Any CPU.ActiveCfg = Release|Any CPU
		{4F743FB5-A9FD-4739-9268-47DB0F9F3D69}.Release|Any CPU.Build.0 = Release|Any CPU
		{4F743FB5-A9FD-4739-9268-47DB0F9F3D69}.Release|Any CPU.Deploy.0 = Release|Any CPU
		{932AE1CB-D51B-418F-B175-0BDBE4ED9CF5}.Debug|Any CPU.ActiveCfg = Debug|Any CPU
		{932AE1CB-D51B-418F-B175-0BDBE4ED9CF5}.Debug|Any CPU.Build.0 = Debug|Any CPU
		{932AE1CB-D51B-418F-B175-0BDBE4ED9CF5}.Release|Any CPU.ActiveCfg = Release|Any CPU
		{932AE1CB-D51B-418F-B175-0BDBE4ED9CF5}.Release|Any CPU.Build.0 = Release|Any CPU
	EndGlobalSection
	GlobalSection(SolutionProperties) = preSolution
		HideSolutionNode = FALSE
	EndGlobalSection
	GlobalSection(ExtensibilityGlobals) = postSolution
		SolutionGuid = {FE2B7716-0D76-473F-B1A1-134D33E61B3F}
	EndGlobalSection
EndGlobal
